// !$*UTF8*$!
{
	archiveVersion = 1;
	classes = {
	};
	objectVersion = 55;
	objects = {

/* Begin PBXBuildFile section */
		42B9215228A0FF4C001DE6C7 /* AppDelegate.m in Sources */ = {isa = PBXBuildFile; fileRef = 42B9215128A0FF4C001DE6C7 /* AppDelegate.m */; };
		42B9215528A0FF4C001DE6C7 /* ViewController.m in Sources */ = {isa = PBXBuildFile; fileRef = 42B9215428A0FF4C001DE6C7 /* ViewController.m */; };
		42B9215728A0FF4E001DE6C7 /* Assets.xcassets in Resources */ = {isa = PBXBuildFile; fileRef = 42B9215628A0FF4E001DE6C7 /* Assets.xcassets */; };
		42B9215A28A0FF4E001DE6C7 /* Main.storyboard in Resources */ = {isa = PBXBuildFile; fileRef = 42B9215828A0FF4E001DE6C7 /* Main.storyboard */; };
		42B9215C28A0FF4E001DE6C7 /* main.m in Sources */ = {isa = PBXBuildFile; fileRef = 42B9215B28A0FF4E001DE6C7 /* main.m */; };
		42B9216428A10191001DE6C7 /* pythondemo.py in Resources */ = {isa = PBXBuildFile; fileRef = 42B9216328A10191001DE6C7 /* pythondemo.py */; };
		42B9216728A101A0001DE6C7 /* Python3.framework in Frameworks */ = {isa = PBXBuildFile; fileRef = 42B9216628A101A0001DE6C7 /* Python3.framework */; };
		42B9216828A101A0001DE6C7 /* Python3.framework in Embed Frameworks */ = {isa = PBXBuildFile; fileRef = 42B9216628A101A0001DE6C7 /* Python3.framework */; settings = {ATTRIBUTES = (CodeSignOnCopy, RemoveHeadersOnCopy, ); }; };
/* End PBXBuildFile section */

/* Begin PBXCopyFilesBuildPhase section */
		42B9216928A101A0001DE6C7 /* Embed Frameworks */ = {
			isa = PBXCopyFilesBuildPhase;
			buildActionMask = 2147483647;
			dstPath = "";
			dstSubfolderSpec = 10;
			files = (
				42B9216828A101A0001DE6C7 /* Python3.framework in Embed Frameworks */,
			);
			name = "Embed Frameworks";
			runOnlyForDeploymentPostprocessing = 0;
		};
/* End PBXCopyFilesBuildPhase section */

/* Begin PBXFileReference section */
		42B9214D28A0FF4C001DE6C7 /* ESCPythonDemo.app */ = {isa = PBXFileReference; explicitFileType = wrapper.application; includeInIndex = 0; path = ESCPythonDemo.app; sourceTree = BUILT_PRODUCTS_DIR; };
		42B9215028A0FF4C001DE6C7 /* AppDelegate.h */ = {isa = PBXFileReference; lastKnownFileType = sourcecode.c.h; path = AppDelegate.h; sourceTree = "<group>"; };
		42B9215128A0FF4C001DE6C7 /* AppDelegate.m */ = {isa = PBXFileReference; lastKnownFileType = sourcecode.c.objc; path = AppDelegate.m; sourceTree = "<group>"; };
		42B9215328A0FF4C001DE6C7 /* ViewController.h */ = {isa = PBXFileReference; lastKnownFileType = sourcecode.c.h; path = ViewController.h; sourceTree = "<group>"; };
		42B9215428A0FF4C001DE6C7 /* ViewController.m */ = {isa = PBXFileReference; lastKnownFileType = sourcecode.c.objc; path = ViewController.m; sourceTree = "<group>"; };
		42B9215628A0FF4E001DE6C7 /* Assets.xcassets */ = {isa = PBXFileReference; lastKnownFileType = folder.assetcatalog; path = Assets.xcassets; sourceTree = "<group>"; };
		42B9215928A0FF4E001DE6C7 /* Base */ = {isa = PBXFileReference; lastKnownFileType = file.storyboard; name = Base; path = Base.lproj/Main.storyboard; sourceTree = "<group>"; };
		42B9215B28A0FF4E001DE6C7 /* main.m */ = {isa = PBXFileReference; lastKnownFileType = sourcecode.c.objc; path = main.m; sourceTree = "<group>"; };
		42B9215D28A0FF4E001DE6C7 /* ESCPythonDemo.entitlements */ = {isa = PBXFileReference; lastKnownFileType = text.plist.entitlements; path = ESCPythonDemo.entitlements; sourceTree = "<group>"; };
		42B9216328A10191001DE6C7 /* pythondemo.py */ = {isa = PBXFileReference; fileEncoding = 4; lastKnownFileType = text.script.python; path = pythondemo.py; sourceTree = "<group>"; };
		42B9216628A101A0001DE6C7 /* Python3.framework */ = {isa = PBXFileReference; lastKnownFileType = wrapper.framework; name = Python3.framework; path = Library/Frameworks/Python3.framework; sourceTree = DEVELOPER_DIR; };
/* End PBXFileReference section */

/* Begin PBXFrameworksBuildPhase section */
		42B9214A28A0FF4C001DE6C7 /* Frameworks */ = {
			isa = PBXFrameworksBuildPhase;
			buildActionMask = 2147483647;
			files = (
				42B9216728A101A0001DE6C7 /* Python3.framework in Frameworks */,
			);
			runOnlyForDeploymentPostprocessing = 0;
		};
/* End PBXFrameworksBuildPhase section */

/* Begin PBXGroup section */
		42B9214428A0FF4C001DE6C7 = {
			isa = PBXGroup;
			children = (
				42B9214F28A0FF4C001DE6C7 /* ESCPythonDemo */,
				42B9214E28A0FF4C001DE6C7 /* Products */,
				42B9216528A101A0001DE6C7 /* Frameworks */,
			);
			sourceTree = "<group>";
		};
		42B9214E28A0FF4C001DE6C7 /* Products */ = {
			isa = PBXGroup;
			children = (
				42B9214D28A0FF4C001DE6C7 /* ESCPythonDemo.app */,
			);
			name = Products;
			sourceTree = "<group>";
		};
		42B9214F28A0FF4C001DE6C7 /* ESCPythonDemo */ = {
			isa = PBXGroup;
			children = (
				42B9215028A0FF4C001DE6C7 /* AppDelegate.h */,
				42B9215128A0FF4C001DE6C7 /* AppDelegate.m */,
				42B9215328A0FF4C001DE6C7 /* ViewController.h */,
				42B9215428A0FF4C001DE6C7 /* ViewController.m */,
				42B9216328A10191001DE6C7 /* pythondemo.py */,
				42B9215628A0FF4E001DE6C7 /* Assets.xcassets */,
				42B9215828A0FF4E001DE6C7 /* Main.storyboard */,
				42B9215B28A0FF4E001DE6C7 /* main.m */,
				42B9215D28A0FF4E001DE6C7 /* ESCPythonDemo.entitlements */,
			);
			path = ESCPythonDemo;
			sourceTree = "<group>";
		};
		42B9216528A101A0001DE6C7 /* Frameworks */ = {
			isa = PBXGroup;
			children = (
				42B9216628A101A0001DE6C7 /* Python3.framework */,
			);
			name = Frameworks;
			sourceTree = "<group>";
		};
/* End PBXGroup section */

/* Begin PBXNativeTarget section */
		42B9214C28A0FF4C001DE6C7 /* ESCPythonDemo */ = {
			isa = PBXNativeTarget;
			buildConfigurationList = 42B9216028A0FF4E001DE6C7 /* Build configuration list for PBXNativeTarget "ESCPythonDemo" */;
			buildPhases = (
				42B9214928A0FF4C001DE6C7 /* Sources */,
				42B9214A28A0FF4C001DE6C7 /* Frameworks */,
				42B9214B28A0FF4C001DE6C7 /* Resources */,
				42B9216928A101A0001DE6C7 /* Embed Frameworks */,
			);
			buildRules = (
			);
			dependencies = (
			);
			name = ESCPythonDemo;
			productName = ESCPythonDemo;
			productReference = 42B9214D28A0FF4C001DE6C7 /* ESCPythonDemo.app */;
			productType = "com.apple.product-type.application";
		};
/* End PBXNativeTarget section */

/* Begin PBXProject section */
		42B9214528A0FF4C001DE6C7 /* Project object */ = {
			isa = PBXProject;
			attributes = {
				BuildIndependentTargetsInParallel = 1;
				LastUpgradeCheck = 1340;
				TargetAttributes = {
					42B9214C28A0FF4C001DE6C7 = {
						CreatedOnToolsVersion = 13.4;
					};
				};
			};
			buildConfigurationList = 42B9214828A0FF4C001DE6C7 /* Build configuration list for PBXProject "ESCPythonDemo" */;
			compatibilityVersion = "Xcode 13.0";
			developmentRegion = en;
			hasScannedForEncodings = 0;
			knownRegions = (
				en,
				Base,
			);
			mainGroup = 42B9214428A0FF4C001DE6C7;
			productRefGroup = 42B9214E28A0FF4C001DE6C7 /* Products */;
			projectDirPath = "";
			projectRoot = "";
			targets = (
				42B9214C28A0FF4C001DE6C7 /* ESCPythonDemo */,
			);
		};
/* End PBXProject section */

/* Begin PBXResourcesBuildPhase section */
		42B9214B28A0FF4C001DE6C7 /* Resources */ = {
			isa = PBXResourcesBuildPhase;
			buildActionMask = 2147483647;
			files = (
				42B9215728A0FF4E001DE6C7 /* Assets.xcassets in Resources */,
				42B9215A28A0FF4E001DE6C7 /* Main.storyboard in Resources */,
				42B9216428A10191001DE6C7 /* pythondemo.py in Resources */,
			);
			runOnlyForDeploymentPostprocessing = 0;
		};
/* End PBXResourcesBuildPhase section */

/* Begin PBXSourcesBuildPhase section */
		42B9214928A0FF4C001DE6C7 /* Sources */ = {
			isa = PBXSourcesBuildPhase;
			buildActionMask = 2147483647;
			files = (
				42B9215528A0FF4C001DE6C7 /* ViewController.m in Sources */,
				42B9215C28A0FF4E001DE6C7 /* main.m in Sources */,
				42B9215228A0FF4C001DE6C7 /* AppDelegate.m in Sources */,
			);
			runOnlyForDeploymentPostprocessing = 0;
		};
/* End PBXSourcesBuildPhase section */

/* Begin PBXVariantGroup section */
		42B9215828A0FF4E001DE6C7 /* Main.storyboard */ = {
			isa = PBXVariantGroup;
			children = (
				42B9215928A0FF4E001DE6C7 /* Base */,
			);
			name = Main.storyboard;
			sourceTree = "<group>";
		};
/* End PBXVariantGroup section */

/* Begin XCBuildConfiguration section */
		42B9215E28A0FF4E001DE6C7 /* Debug */ = {
			isa = XCBuildConfiguration;
			buildSettings = {
				ALWAYS_SEARCH_USER_PATHS = NO;
				CLANG_ANALYZER_NONNULL = YES;
				CLANG_ANALYZER_NUMBER_OBJECT_CONVERSION = YES_AGGRESSIVE;
				CLANG_CXX_LANGUAGE_STANDARD = "gnu++17";
				CLANG_ENABLE_MODULES = YES;
				CLANG_ENABLE_OBJC_ARC = YES;
				CLANG_ENABLE_OBJC_WEAK = YES;
				CLANG_WARN_BLOCK_CAPTURE_AUTORELEASING = YES;
				CLANG_WARN_BOOL_CONVERSION = YES;
				CLANG_WARN_COMMA = YES;
				CLANG_WARN_CONSTANT_CONVERSION = YES;
				CLANG_WARN_DEPRECATED_OBJC_IMPLEMENTATIONS = YES;
				CLANG_WARN_DIRECT_OBJC_ISA_USAGE = YES_ERROR;
				CLANG_WARN_DOCUMENTATION_COMMENTS = YES;
				CLANG_WARN_EMPTY_BODY = YES;
				CLANG_WARN_ENUM_CONVERSION = YES;
				CLANG_WARN_INFINITE_RECURSION = YES;
				CLANG_WARN_INT_CONVERSION = YES;
				CLANG_WARN_NON_LITERAL_NULL_CONVERSION = YES;
				CLANG_WARN_OBJC_IMPLICIT_RETAIN_SELF = YES;
				CLANG_WARN_OBJC_LITERAL_CONVERSION = YES;
				CLANG_WARN_OBJC_ROOT_CLASS = YES_ERROR;
				CLANG_WARN_QUOTED_INCLUDE_IN_FRAMEWORK_HEADER = YES;
				CLANG_WARN_RANGE_LOOP_ANALYSIS = YES;
				CLANG_WARN_STRICT_PROTOTYPES = YES;
				CLANG_WARN_SUSPICIOUS_MOVE = YES;
				CLANG_WARN_UNGUARDED_AVAILABILITY = YES_AGGRESSIVE;
				CLANG_WARN_UNREACHABLE_CODE = YES;
				CLANG_WARN__DUPLICATE_METHOD_MATCH = YES;
				COPY_PHASE_STRIP = NO;
				DEBUG_INFORMATION_FORMAT = dwarf;
				ENABLE_STRICT_OBJC_MSGSEND = YES;
				ENABLE_TESTABILITY = YES;
				GCC_C_LANGUAGE_STANDARD = gnu11;
				GCC_DYNAMIC_NO_PIC = NO;
				GCC_NO_COMMON_BLOCKS = YES;
				GCC_OPTIMIZATION_LEVEL = 0;
				GCC_PREPROCESSOR_DEFINITIONS = (
					"DEBUG=1",
					"$(inherited)",
				);
				GCC_WARN_64_TO_32_BIT_CONVERSION = YES;
				GCC_WARN_ABOUT_RETURN_TYPE = YES_ERROR;
				GCC_WARN_UNDECLARED_SELECTOR = YES;
				GCC_WARN_UNINITIALIZED_AUTOS = YES_AGGRESSIVE;
				GCC_WARN_UNUSED_FUNCTION = YES;
				GCC_WARN_UNUSED_VARIABLE = YES;
				MACOSX_DEPLOYMENT_TARGET = 12.3;
				MTL_ENABLE_DEBUG_INFO = INCLUDE_SOURCE;
				MTL_FAST_MATH = YES;
				ONLY_ACTIVE_ARCH = YES;
				SDKROOT = macosx;
			};
			name = Debug;
		};
		42B9215F28A0FF4E001DE6C7 /* Release */ = {
			isa = XCBuildConfiguration;
			buildSettings = {
				ALWAYS_SEARCH_USER_PATHS = NO;
				CLANG_ANALYZER_NONNULL = YES;
				CLANG_ANALYZER_NUMBER_OBJECT_CONVERSION = YES_AGGRESSIVE;
				CLANG_CXX_LANGUAGE_STANDARD = "gnu++17";
				CLANG_ENABLE_MODULES = YES;
				CLANG_ENABLE_OBJC_ARC = YES;
				CLANG_ENABLE_OBJC_WEAK = YES;
				CLANG_WARN_BLOCK_CAPTURE_AUTORELEASING = YES;
				CLANG_WARN_BOOL_CONVERSION = YES;
				CLANG_WARN_COMMA = YES;
				CLANG_WARN_CONSTANT_CONVERSION = YES;
				CLANG_WARN_DEPRECATED_OBJC_IMPLEMENTATIONS = YES;
				CLANG_WARN_DIRECT_OBJC_ISA_USAGE = YES_ERROR;
				CLANG_WARN_DOCUMENTATION_COMMENTS = YES;
				CLANG_WARN_EMPTY_BODY = YES;
				CLANG_WARN_ENUM_CONVERSION = YES;
				CLANG_WARN_INFINITE_RECURSION = YES;
				CLANG_WARN_INT_CONVERSION = YES;
				CLANG_WARN_NON_LITERAL_NULL_CONVERSION = YES;
				CLANG_WARN_OBJC_IMPLICIT_RETAIN_SELF = YES;
				CLANG_WARN_OBJC_LITERAL_CONVERSION = YES;
				CLANG_WARN_OBJC_ROOT_CLASS = YES_ERROR;
				CLANG_WARN_QUOTED_INCLUDE_IN_FRAMEWORK_HEADER = YES;
				CLANG_WARN_RANGE_LOOP_ANALYSIS = YES;
				CLANG_WARN_STRICT_PROTOTYPES = YES;
				CLANG_WARN_SUSPICIOUS_MOVE = YES;
				CLANG_WARN_UNGUARDED_AVAILABILITY = YES_AGGRESSIVE;
				CLANG_WARN_UNREACHABLE_CODE = YES;
				CLANG_WARN__DUPLICATE_METHOD_MATCH = YES;
				COPY_PHASE_STRIP = NO;
				DEBUG_INFORMATION_FORMAT = "dwarf-with-dsym";
				ENABLE_NS_ASSERTIONS = NO;
				ENABLE_STRICT_OBJC_MSGSEND = YES;
				GCC_C_LANGUAGE_STANDARD = gnu11;
				GCC_NO_COMMON_BLOCKS = YES;
				GCC_WARN_64_TO_32_BIT_CONVERSION = YES;
				GCC_WARN_ABOUT_RETURN_TYPE = YES_ERROR;
				GCC_WARN_UNDECLARED_SELECTOR = YES;
				GCC_WARN_UNINITIALIZED_AUTOS = YES_AGGRESSIVE;
				GCC_WARN_UNUSED_FUNCTION = YES;
				GCC_WARN_UNUSED_VARIABLE = YES;
				MACOSX_DEPLOYMENT_TARGET = 12.3;
				MTL_ENABLE_DEBUG_INFO = NO;
				MTL_FAST_MATH = YES;
				SDKROOT = macosx;
			};
			name = Release;
		};
		42B9216128A0FF4E001DE6C7 /* Debug */ = {
			isa = XCBuildConfiguration;
			buildSettings = {
				ASSETCATALOG_COMPILER_APPICON_NAME = AppIcon;
				ASSETCATALOG_COMPILER_GLOBAL_ACCENT_COLOR_NAME = AccentColor;
				CODE_SIGN_ENTITLEMENTS = ESCPythonDemo/ESCPythonDemo.entitlements;
				CODE_SIGN_STYLE = Automatic;
				COMBINE_HIDPI_IMAGES = YES;
				CURRENT_PROJECT_VERSION = 1;
				DEVELOPMENT_TEAM = 6QL8778DJ3;
				ENABLE_HARDENED_RUNTIME = YES;
				FRAMEWORK_SEARCH_PATHS = /Applications/Xcode.app/Contents/Developer/Library/Frameworks;
				GENERATE_INFOPLIST_FILE = YES;
				HEADER_SEARCH_PATHS = /Applications/Xcode.app/Contents/Developer/Library/Frameworks/Python3.framework/Headers;
				INFOPLIST_KEY_NSHumanReadableCopyright = "";
				INFOPLIST_KEY_NSMainStoryboardFile = Main;
				INFOPLIST_KEY_NSPrincipalClass = NSApplication;
				LD_RUNPATH_SEARCH_PATHS = (
					"$(inherited)",
					"@executable_path/../Frameworks",
				);
				MARKETING_VERSION = 1.0;
				PRODUCT_BUNDLE_IDENTIFIER = gituhub.com.ESCPythonDemo;
				PRODUCT_NAME = "$(TARGET_NAME)";
				SWIFT_EMIT_LOC_STRINGS = YES;
			};
			name = Debug;
		};
		42B9216228A0FF4E001DE6C7 /* Release */ = {
			isa = XCBuildConfiguration;
			buildSettings = {
				ASSETCATALOG_COMPILER_APPICON_NAME = AppIcon;
				ASSETCATALOG_COMPILER_GLOBAL_ACCENT_COLOR_NAME = AccentColor;
				CODE_SIGN_ENTITLEMENTS = ESCPythonDemo/ESCPythonDemo.entitlements;
				CODE_SIGN_STYLE = Automatic;
				COMBINE_HIDPI_IMAGES = YES;
				CURRENT_PROJECT_VERSION = 1;
				DEVELOPMENT_TEAM = 6QL8778DJ3;
				ENABLE_HARDENED_RUNTIME = YES;
				FRAMEWORK_SEARCH_PATHS = /Applications/Xcode.app/Contents/Developer/Library/Frameworks;
				GENERATE_INFOPLIST_FILE = YES;
				HEADER_SEARCH_PATHS = /Applications/Xcode.app/Contents/Developer/Library/Frameworks/Python3.framework/Headers;
				INFOPLIST_KEY_NSHumanReadableCopyright = "";
				INFOPLIST_KEY_NSMainStoryboardFile = Main;
				INFOPLIST_KEY_NSPrincipalClass = NSApplication;
				LD_RUNPATH_SEARCH_PATHS = (
					"$(inherited)",
					"@executable_path/../Frameworks",
				);
				MARKETING_VERSION = 1.0;
				PRODUCT_BUNDLE_IDENTIFIER = gituhub.com.ESCPythonDemo;
				PRODUCT_NAME = "$(TARGET_NAME)";
				SWIFT_EMIT_LOC_STRINGS = YES;
			};
			name = Release;
		};
/* End XCBuildConfiguration section */

/* Begin XCConfigurationList section */
		42B9214828A0FF4C001DE6C7 /* Build configuration list for PBXProject "ESCPythonDemo" */ = {
			isa = XCConfigurationList;
			buildConfigurations = (
				42B9215E28A0FF4E001DE6C7 /* Debug */,
				42B9215F28A0FF4E001DE6C7 /* Release */,
			);
			defaultConfigurationIsVisible = 0;
			defaultConfigurationName = Release;
		};
		42B9216028A0FF4E001DE6C7 /* Build configuration list for PBXNativeTarget "ESCPythonDemo" */ = {
			isa = XCConfigurationList;
			buildConfigurations = (
				42B9216128A0FF4E001DE6C7 /* Debug */,
				42B9216228A0FF4E001DE6C7 /* Release */,
			);
			defaultConfigurationIsVisible = 0;
			defaultConfigurationName = Release;
		};
/* End XCConfigurationList section */
	};
	rootObject = 42B9214528A0FF4C001DE6C7 /* Project object */;
}
